
Microsoft Visual Studio Solution File, Format Version 12.00
# Visual Studio 15
VisualStudioVersion = 15.0.28010.2046
MinimumVisualStudioVersion = 10.0.40219.1
Project("{FAE04EC0-301F-11D3-BF4B-00C04F79EFBC}") = "WindowsFormsApp1", "WindowsFormsApp1\WindowsFormsApp1.csproj", "{503C726A-2EAE-47F0-95E6-02788A6267BE}"
EndProject
Global
	GlobalSection(SolutionConfigurationPlatforms) = preSolution
		Debug|Any CPU = Debug|Any CPU
		Release|Any CPU = Release|Any CPU
	EndGlobalSection
	GlobalSection(ProjectConfigurationPlatforms) = postSolution
		{503C726A-2EAE-47F0-95E6-02788A6267BE}.Debug|Any CPU.ActiveCfg = Debug|Any CPU
		{503C726A-2EAE-47F0-95E6-02788A6267BE}.Debug|Any CPU.Build.0 = Debug|Any CPU
		{503C726A-2EAE-47F0-95E6-02788A6267BE}.Release|Any CPU.ActiveCfg = Release|Any CPU
		{503C726A-2EAE-47F0-95E6-02788A6267BE}.Release|Any CPU.Build.0 = Release|Any CPU
	EndGlobalSection
	GlobalSection(SolutionProperties) = preSolution
		HideSolutionNode = FALSE
	EndGlobalSection
	GlobalSection(ExtensibilityGlobals) = postSolution
		SolutionGuid = {7B172ED5-D85E-49FB-91C5-14992861BB11}
	EndGlobalSection
EndGlobal
